<?xml version="1.0" encoding="utf-8"?>
<Project ToolsVersion="4.0" xmlns="http://schemas.microsoft.com/developer/msbuild/2003">
  <ItemGroup>
    <Filter Include="Source Files">
      <UniqueIdentifier>{4FC737F1-C7A5-4376-A066-2A32D752A2FF}</UniqueIdentifier>
      <Extensions>cpp;c;cc;cxx;c++;cppm;ixx;def;odl;idl;hpj;bat;asm;asmx</Extensions>
    </Filter>
    <Filter Include="Header Files">
      <UniqueIdentifier>{93995380-89BD-4b04-88EB-625FBE52EBFB}</UniqueIdentifier>
      <Extensions>h;hh;hpp;hxx;h++;hm;inl;inc;ipp;xsd</Extensions>
    </Filter>
    <Filter Include="Strategy">
      <UniqueIdentifier>{ef93e134-a532-4113-8e53-bd6dea1f18b4}</UniqueIdentifier>
    </Filter>
    <Filter Include="Strategy\Levels">
      <UniqueIdentifier>{f9135385-11a6-4318-9555-7b85a3db23b2}</UniqueIdentifier>
    </Filter>
    <Filter Include="Stages">
      <UniqueIdentifier>{67DA6AB6-F800-4c08-8B7A-83BB121AAD01}</UniqueIdentifier>
      <Extensions>rc;ico;cur;bmp;dlg;rc2;rct;bin;rgs;gif;jpg;jpeg;jpe;resx;tiff;tif;png;wav;mfcribbon-ms</Extensions>
    </Filter>
    <Filter Include="Ghosts">
      <UniqueIdentifier>{8f1ed6c9-ca5d-4353-8284-4d73480e37c8}</UniqueIdentifier>
    </Filter>
    <Filter Include="Mode">
      <UniqueIdentifier>{0c39505f-3289-4474-aad8-c4369af0e807}</UniqueIdentifier>
    </Filter>
  </ItemGroup>
  <ItemGroup>
    <ClCompile Include="main.cpp">
      <Filter>Source Files</Filter>
    </ClCompile>
    <ClCompile Include="GameManager.cpp">
      <Filter>Source Files</Filter>
    </ClCompile>
    <ClCompile Include="Board.cpp">
      <Filter>Source Files</Filter>
    </ClCompile>
    <ClCompile Include="Pacman.cpp">
      <Filter>Source Files</Filter>
    </ClCompile>
    <ClCompile Include="Position.cpp">
      <Filter>Source Files</Filter>
    </ClCompile>
    <ClCompile Include="Utils.cpp">
      <Filter>Source Files</Filter>
    </ClCompile>
    <ClCompile Include="Game.cpp">
      <Filter>Source Files</Filter>
    </ClCompile>
    <ClCompile Include="Creature.cpp">
      <Filter>Source Files</Filter>
    </ClCompile>
    <ClCompile Include="Screen.cpp">
      <Filter>Source Files</Filter>
    </ClCompile>
    <ClCompile Include="Strategy.cpp">
      <Filter>Strategy</Filter>
    </ClCompile>
    <ClCompile Include="Best.cpp">
      <Filter>Strategy\Levels</Filter>
    </ClCompile>
    <ClCompile Include="Novice.cpp">
      <Filter>Strategy\Levels</Filter>
    </ClCompile>
    <ClCompile Include="Ghost.cpp">
      <Filter>Ghosts</Filter>
    </ClCompile>
    <ClCompile Include="Fruit.cpp">
      <Filter>Source Files</Filter>
    </ClCompile>
    <ClCompile Include="Good.cpp">
      <Filter>Strategy\Levels</Filter>
    </ClCompile>
    <ClCompile Include="Mode.cpp">
      <Filter>Mode</Filter>
    </ClCompile>
  </ItemGroup>
  <ItemGroup>
    <ClInclude Include="GameManager.h">
      <Filter>Header Files</Filter>
    </ClInclude>
    <ClInclude Include="Game.h">
      <Filter>Header Files</Filter>
    </ClInclude>
    <ClInclude Include="Pacman.h">
      <Filter>Header Files</Filter>
    </ClInclude>
    <ClInclude Include="Position.h">
      <Filter>Header Files</Filter>
    </ClInclude>
    <ClInclude Include="Utils.h">
      <Filter>Header Files</Filter>
    </ClInclude>
    <ClInclude Include="Board.h">
      <Filter>Header Files</Filter>
    </ClInclude>
    <ClInclude Include="Creature.h">
      <Filter>Header Files</Filter>
    </ClInclude>
    <ClInclude Include="Screen.h">
      <Filter>Header Files</Filter>
    </ClInclude>
    <ClInclude Include="Strategy.h">
      <Filter>Strategy</Filter>
    </ClInclude>
    <ClInclude Include="Best.h">
      <Filter>Strategy\Levels</Filter>
    </ClInclude>
    <ClInclude Include="Novice.h">
      <Filter>Strategy\Levels</Filter>
    </ClInclude>
    <ClInclude Include="Ghost.h">
      <Filter>Ghosts</Filter>
    </ClInclude>
    <ClInclude Include="Fruit.h">
      <Filter>Header Files</Filter>
    </ClInclude>
    <ClInclude Include="Good.h">
      <Filter>Strategy\Levels</Filter>
    </ClInclude>
    <ClInclude Include="Mode.h">
      <Filter>Mode</Filter>
    </ClInclude>
  </ItemGroup>
  <ItemGroup>
    <None Include="pacman_b.screen">
      <Filter>Stages</Filter>
    </None>
    <None Include="pacman_a.screen">
      <Filter>Stages</Filter>
    </None>
    <None Include="pacman_c.screen">
      <Filter>Stages</Filter>
    </None>
  </ItemGroup>
</Project>